
Microsoft Visual Studio Solution File, Format Version 12.00
# Visual Studio Version 16
VisualStudioVersion = 16.0.29009.5
MinimumVisualStudioVersion = 10.0.40219.1
Project("{9A19103F-16F7-4668-BE54-9A1E7A4F7556}") = "StringAlgorithms.Test", "test\StringAlgorithms.Test\StringAlgorithms.Test.csproj", "{4DEC9D3C-FC41-4F20-B83F-4C0D82957BF9}"
EndProject
Project("{9A19103F-16F7-4668-BE54-9A1E7A4F7556}") = "StringAlgorithms", "src\StringAlgorithms\StringAlgorithms.csproj", "{05005BB4-AD94-40AC-AC68-D3B8E008A886}"
EndProject
Project("{9A19103F-16F7-4668-BE54-9A1E7A4F7556}") = "DynamicProgramming", "src\DynamicProgramming\DynamicProgramming.csproj", "{B837650E-A476-41B8-8E2F-B5D3E0709C5B}"
EndProject
Project("{9A19103F-16F7-4668-BE54-9A1E7A4F7556}") = "DynamicProgramming.Test", "test\DynamicProgramming.Test\DynamicProgramming.Test.csproj", "{4FEA8D47-E0FB-4C79-BD39-E3188F6A3E21}"
EndProject
Project("{2150E333-8FDC-42A3-9474-1A3956D46DE8}") = "src", "src", "{32AEAD62-CEB0-42DF-AB2A-983ADB619D88}"
EndProject
Project("{2150E333-8FDC-42A3-9474-1A3956D46DE8}") = "test", "test", "{86C29D90-1082-4B68-8ADB-F98D10C480DD}"
EndProject
Project("{FAE04EC0-301F-11D3-BF4B-00C04F79EFBC}") = "SortingAlgorithms", "src\SortingAlgorithms\SortingAlgorithms.csproj", "{E15CDE1B-54B9-4FA5-8726-4B09A1CFE38C}"
EndProject
Project("{FAE04EC0-301F-11D3-BF4B-00C04F79EFBC}") = "SortingAlgorithms.Test", "test\SortingAlgorithms.Test\SortingAlgorithms.Test.csproj", "{74A28192-2254-4869-B771-CB476D28CC16}"
EndProject
Global
	GlobalSection(SolutionConfigurationPlatforms) = preSolution
		Debug|Any CPU = Debug|Any CPU
		Release|Any CPU = Release|Any CPU
	EndGlobalSection
	GlobalSection(ProjectConfigurationPlatforms) = postSolution
		{4DEC9D3C-FC41-4F20-B83F-4C0D82957BF9}.Debug|Any CPU.ActiveCfg = Debug|Any CPU
		{4DEC9D3C-FC41-4F20-B83F-4C0D82957BF9}.Debug|Any CPU.Build.0 = Debug|Any CPU
		{4DEC9D3C-FC41-4F20-B83F-4C0D82957BF9}.Release|Any CPU.ActiveCfg = Release|Any CPU
		{4DEC9D3C-FC41-4F20-B83F-4C0D82957BF9}.Release|Any CPU.Build.0 = Release|Any CPU
		{05005BB4-AD94-40AC-AC68-D3B8E008A886}.Debug|Any CPU.ActiveCfg = Debug|Any CPU
		{05005BB4-AD94-40AC-AC68-D3B8E008A886}.Debug|Any CPU.Build.0 = Debug|Any CPU
		{05005BB4-AD94-40AC-AC68-D3B8E008A886}.Release|Any CPU.ActiveCfg = Release|Any CPU
		{05005BB4-AD94-40AC-AC68-D3B8E008A886}.Release|Any CPU.Build.0 = Release|Any CPU
		{B837650E-A476-41B8-8E2F-B5D3E0709C5B}.Debug|Any CPU.ActiveCfg = Debug|Any CPU
		{B837650E-A476-41B8-8E2F-B5D3E0709C5B}.Debug|Any CPU.Build.0 = Debug|Any CPU
		{B837650E-A476-41B8-8E2F-B5D3E0709C5B}.Release|Any CPU.ActiveCfg = Release|Any CPU
		{B837650E-A476-41B8-8E2F-B5D3E0709C5B}.Release|Any CPU.Build.0 = Release|Any CPU
		{4FEA8D47-E0FB-4C79-BD39-E3188F6A3E21}.Debug|Any CPU.ActiveCfg = Debug|Any CPU
		{4FEA8D47-E0FB-4C79-BD39-E3188F6A3E21}.Debug|Any CPU.Build.0 = Debug|Any CPU
		{4FEA8D47-E0FB-4C79-BD39-E3188F6A3E21}.Release|Any CPU.ActiveCfg = Release|Any CPU
		{4FEA8D47-E0FB-4C79-BD39-E3188F6A3E21}.Release|Any CPU.Build.0 = Release|Any CPU
		{E15CDE1B-54B9-4FA5-8726-4B09A1CFE38C}.Debug|Any CPU.ActiveCfg = Debug|Any CPU
		{E15CDE1B-54B9-4FA5-8726-4B09A1CFE38C}.Debug|Any CPU.Build.0 = Debug|Any CPU
		{E15CDE1B-54B9-4FA5-8726-4B09A1CFE38C}.Release|Any CPU.ActiveCfg = Release|Any CPU
		{E15CDE1B-54B9-4FA5-8726-4B09A1CFE38C}.Release|Any CPU.Build.0 = Release|Any CPU
		{74A28192-2254-4869-B771-CB476D28CC16}.Debug|Any CPU.ActiveCfg = Debug|Any CPU
		{74A28192-2254-4869-B771-CB476D28CC16}.Debug|Any CPU.Build.0 = Debug|Any CPU
		{74A28192-2254-4869-B771-CB476D28CC16}.Release|Any CPU.ActiveCfg = Release|Any CPU
		{74A28192-2254-4869-B771-CB476D28CC16}.Release|Any CPU.Build.0 = Release|Any CPU
	EndGlobalSection
	GlobalSection(SolutionProperties) = preSolution
		HideSolutionNode = FALSE
	EndGlobalSection
	GlobalSection(NestedProjects) = preSolution
		{4DEC9D3C-FC41-4F20-B83F-4C0D82957BF9} = {86C29D90-1082-4B68-8ADB-F98D10C480DD}
		{05005BB4-AD94-40AC-AC68-D3B8E008A886} = {32AEAD62-CEB0-42DF-AB2A-983ADB619D88}
		{B837650E-A476-41B8-8E2F-B5D3E0709C5B} = {32AEAD62-CEB0-42DF-AB2A-983ADB619D88}
		{4FEA8D47-E0FB-4C79-BD39-E3188F6A3E21} = {86C29D90-1082-4B68-8ADB-F98D10C480DD}
		{E15CDE1B-54B9-4FA5-8726-4B09A1CFE38C} = {32AEAD62-CEB0-42DF-AB2A-983ADB619D88}
		{74A28192-2254-4869-B771-CB476D28CC16} = {86C29D90-1082-4B68-8ADB-F98D10C480DD}
	EndGlobalSection
	GlobalSection(ExtensibilityGlobals) = postSolution
		SolutionGuid = {2488E36A-D8FE-404E-8DBF-1D1CA957CCCD}
	EndGlobalSection
EndGlobal
